<?xml version="1.0" encoding="utf-8"?>
<Project ToolsVersion="16.0" xmlns="http://schemas.microsoft.com/developer/msbuild/2003">
  <ItemGroup>
    <ClCompile Include="D:\work\project\LiveAssistant\build_vs2019\LiveAssistant_autogen\mocs_compilation_Debug.cpp">
      <Filter>Source Files</Filter>
    </ClCompile>
    <ClCompile Include="D:\work\project\LiveAssistant\src\app\add_material_dialog.cpp">
      <Filter>Source Files</Filter>
    </ClCompile>
    <ClCompile Include="D:\work\project\LiveAssistant\src\app\app_settings.cpp">
      <Filter>Source Files</Filter>
    </ClCompile>
    <ClCompile Include="D:\work\project\LiveAssistant\src\app\camera_capability_scanner.cpp">
      <Filter>Source Files</Filter>
    </ClCompile>
    <ClCompile Include="D:\work\project\LiveAssistant\src\app\camera_settings.cpp">
      <Filter>Source Files</Filter>
    </ClCompile>
    <ClCompile Include="D:\work\project\LiveAssistant\src\app\config.cpp">
      <Filter>Source Files</Filter>
    </ClCompile>
    <ClCompile Include="D:\work\project\LiveAssistant\src\app\customwebengineview.cpp">
      <Filter>Source Files</Filter>
    </ClCompile>
    <ClCompile Include="D:\work\project\LiveAssistant\src\app\device_check_dialog.cpp">
      <Filter>Source Files</Filter>
    </ClCompile>
    <ClCompile Include="D:\work\project\LiveAssistant\src\app\draggable_list_item.cpp">
      <Filter>Source Files</Filter>
    </ClCompile>
    <ClCompile Include="D:\work\project\LiveAssistant\src\app\encryption_utils.cpp">
      <Filter>Source Files</Filter>
    </ClCompile>
    <ClCompile Include="D:\work\project\LiveAssistant\src\app\exit_dialog.cpp">
      <Filter>Source Files</Filter>
    </ClCompile>
    <ClCompile Include="D:\work\project\LiveAssistant\src\app\insert_file_manager.cpp">
      <Filter>Source Files</Filter>
    </ClCompile>
    <ClCompile Include="D:\work\project\LiveAssistant\src\app\insert_video_widget.cpp">
      <Filter>Source Files</Filter>
    </ClCompile>
    <ClCompile Include="D:\work\project\LiveAssistant\src\app\live_list_window.cpp">
      <Filter>Source Files</Filter>
    </ClCompile>
    <ClCompile Include="D:\work\project\LiveAssistant\src\app\login_service.cpp">
      <Filter>Source Files</Filter>
    </ClCompile>
    <ClCompile Include="D:\work\project\LiveAssistant\src\app\login_window.cpp">
      <Filter>Source Files</Filter>
    </ClCompile>
    <ClCompile Include="D:\work\project\LiveAssistant\src\app\login_worker.cpp">
      <Filter>Source Files</Filter>
    </ClCompile>
    <ClCompile Include="D:\work\project\LiveAssistant\src\app\main.cpp">
      <Filter>Source Files</Filter>
    </ClCompile>
    <ClCompile Include="D:\work\project\LiveAssistant\src\app\main_window.cpp">
      <Filter>Source Files</Filter>
    </ClCompile>
    <ClCompile Include="D:\work\project\LiveAssistant\src\app\scene_item_row.cpp">
      <Filter>Source Files</Filter>
    </ClCompile>
    <ClCompile Include="D:\work\project\LiveAssistant\src\app\screen_capture_selector.cpp">
      <Filter>Source Files</Filter>
    </ClCompile>
    <ClCompile Include="D:\work\project\LiveAssistant\src\app\screen_share.cpp">
      <Filter>Source Files</Filter>
    </ClCompile>
    <ClCompile Include="D:\work\project\LiveAssistant\src\app\settings_dialog.cpp">
      <Filter>Source Files</Filter>
    </ClCompile>
    <ClCompile Include="D:\work\project\LiveAssistant\src\app\share_settings_dialog.cpp">
      <Filter>Source Files</Filter>
    </ClCompile>
    <ClCompile Include="D:\work\project\LiveAssistant\src\common\circular_buffer.cpp">
      <Filter>Source Files</Filter>
    </ClCompile>
    <ClCompile Include="D:\work\project\LiveAssistant\src\common\config_manager.cpp">
      <Filter>Source Files</Filter>
    </ClCompile>
    <ClCompile Include="D:\work\project\LiveAssistant\src\common\error.cpp">
      <Filter>Source Files</Filter>
    </ClCompile>
    <ClCompile Include="D:\work\project\LiveAssistant\src\common\log.cpp">
      <Filter>Source Files</Filter>
    </ClCompile>
    <ClCompile Include="D:\work\project\LiveAssistant\src\common\media_clock.cpp">
      <Filter>Source Files</Filter>
    </ClCompile>
    <ClCompile Include="D:\work\project\LiveAssistant\src\common\simple_av_sync.cpp">
      <Filter>Source Files</Filter>
    </ClCompile>
    <ClCompile Include="D:\work\project\LiveAssistant\src\common\stream_session_config.cpp">
      <Filter>Source Files</Filter>
    </ClCompile>
    <ClCompile Include="D:\work\project\LiveAssistant\src\common\system_monitor.cpp">
      <Filter>Source Files</Filter>
    </ClCompile>
    <ClCompile Include="D:\work\project\LiveAssistant\src\common\timestamp.cpp">
      <Filter>Source Files</Filter>
    </ClCompile>
    <ClCompile Include="D:\work\project\LiveAssistant\src\common\video_frame_synchronizer.cpp">
      <Filter>Source Files</Filter>
    </ClCompile>
    <ClCompile Include="D:\work\project\LiveAssistant\src\http\network_manager.cpp">
      <Filter>Source Files</Filter>
    </ClCompile>
    <ClCompile Include="D:\work\project\LiveAssistant\src\http\http_client.cpp">
      <Filter>Source Files</Filter>
    </ClCompile>
    <ClCompile Include="D:\work\project\LiveAssistant\src\http\client_service.cpp">
      <Filter>Source Files</Filter>
    </ClCompile>
    <ClCompile Include="D:\work\project\LiveAssistant\src\scene_manager\canvas.cpp">
      <Filter>Source Files</Filter>
    </ClCompile>
    <ClCompile Include="D:\work\project\LiveAssistant\src\scene_manager\capture_factory.cpp">
      <Filter>Source Files</Filter>
    </ClCompile>
    <ClCompile Include="D:\work\project\LiveAssistant\src\scene_manager\capture_manager.cpp">
      <Filter>Source Files</Filter>
    </ClCompile>
    <ClCompile Include="D:\work\project\LiveAssistant\src\scene_manager\capture_manager_iface.cpp">
      <Filter>Source Files</Filter>
    </ClCompile>
    <ClCompile Include="D:\work\project\LiveAssistant\src\scene_manager\compositor.cpp">
      <Filter>Source Files</Filter>
    </ClCompile>
    <ClCompile Include="D:\work\project\LiveAssistant\src\scene_manager\compositor_encoder_bridge.cpp">
      <Filter>Source Files</Filter>
    </ClCompile>
    <ClCompile Include="D:\work\project\LiveAssistant\src\scene_manager\ffmpeg_camera_capture_source.cpp">
      <Filter>Source Files</Filter>
    </ClCompile>
    <ClCompile Include="D:\work\project\LiveAssistant\src\scene_manager\gpu_canvas_widget.cpp">
      <Filter>Source Files</Filter>
    </ClCompile>
    <ClCompile Include="D:\work\project\LiveAssistant\src\scene_manager\gpu_color_converter.cpp">
      <Filter>Source Files</Filter>
    </ClCompile>
    <ClCompile Include="D:\work\project\LiveAssistant\src\scene_manager\gpu_compositor.cpp">
      <Filter>Source Files</Filter>
    </ClCompile>
    <ClCompile Include="D:\work\project\LiveAssistant\src\scene_manager\gpu_nv12_copier.cpp">
      <Filter>Source Files</Filter>
    </ClCompile>
    <ClCompile Include="D:\work\project\LiveAssistant\src\scene_manager\opencv_camera_capture_source.cpp">
      <Filter>Source Files</Filter>
    </ClCompile>
    <ClCompile Include="D:\work\project\LiveAssistant\src\scene_manager\printwindow_capture_source.cpp">
      <Filter>Source Files</Filter>
    </ClCompile>
    <ClCompile Include="D:\work\project\LiveAssistant\src\scene_manager\scene_manager.cpp">
      <Filter>Source Files</Filter>
    </ClCompile>
    <ClCompile Include="D:\work\project\LiveAssistant\src\scene_manager\shared_d3d_device.cpp">
      <Filter>Source Files</Filter>
    </ClCompile>
    <ClCompile Include="D:\work\project\LiveAssistant\src\scene_manager\source_factory.cpp">
      <Filter>Source Files</Filter>
    </ClCompile>
    <ClCompile Include="D:\work\project\LiveAssistant\src\scene_manager\wgc_capture_loop.cpp">
      <Filter>Source Files</Filter>
    </ClCompile>
    <ClCompile Include="D:\work\project\LiveAssistant\src\scene_manager\wgc_capture_source.cpp">
      <Filter>Source Files</Filter>
    </ClCompile>
    <ClCompile Include="D:\work\project\LiveAssistant\src\video_engine\video_engine.cpp">
      <Filter>Source Files</Filter>
    </ClCompile>
    <ClCompile Include="D:\work\project\LiveAssistant\src\audio_engine\QtNativeAudioCapturer.cpp">
      <Filter>Source Files</Filter>
    </ClCompile>
    <ClCompile Include="D:\work\project\LiveAssistant\src\audio_engine\audio_capturer.cpp">
      <Filter>Source Files</Filter>
    </ClCompile>
    <ClCompile Include="D:\work\project\LiveAssistant\src\audio_engine\audio_engine.cpp">
      <Filter>Source Files</Filter>
    </ClCompile>
    <ClCompile Include="D:\work\project\LiveAssistant\src\audio_engine\audio_mixer.cpp">
      <Filter>Source Files</Filter>
    </ClCompile>
    <ClCompile Include="D:\work\project\LiveAssistant\src\audio_engine\audio_resampler.cpp">
      <Filter>Source Files</Filter>
    </ClCompile>
    <ClCompile Include="D:\work\project\LiveAssistant\src\audio_engine\wasapi_capturer.cpp">
      <Filter>Source Files</Filter>
    </ClCompile>
    <ClCompile Include="D:\work\project\LiveAssistant\src\encoder\audio_encoder.cpp">
      <Filter>Source Files</Filter>
    </ClCompile>
    <ClCompile Include="D:\work\project\LiveAssistant\src\encoder\encoder.cpp">
      <Filter>Source Files</Filter>
    </ClCompile>
    <ClCompile Include="D:\work\project\LiveAssistant\src\encoder\encoder_factory.cpp">
      <Filter>Source Files</Filter>
    </ClCompile>
    <ClCompile Include="D:\work\project\LiveAssistant\src\encoder\video_encoder.cpp">
      <Filter>Source Files</Filter>
    </ClCompile>
    <ClCompile Include="D:\work\project\LiveAssistant\src\stream_pusher\push_queue.cpp">
      <Filter>Source Files</Filter>
    </ClCompile>
    <ClCompile Include="D:\work\project\LiveAssistant\src\stream_pusher\rtmp_pusher.cpp">
      <Filter>Source Files</Filter>
    </ClCompile>
    <ClCompile Include="D:\work\project\LiveAssistant\src\stream_pusher\stream_pusher.cpp">
      <Filter>Source Files</Filter>
    </ClCompile>
    <ClCompile Include="D:\work\project\LiveAssistant\src\media_pipeline\media_file_source.cpp">
      <Filter>Source Files</Filter>
    </ClCompile>
    <ClCompile Include="D:\work\project\LiveAssistant\src\media_pipeline\media_pipeline.cpp">
      <Filter>Source Files</Filter>
    </ClCompile>
    <ClCompile Include="D:\work\project\LiveAssistant\src\media_pipeline\vlc_player.cpp">
      <Filter>Source Files</Filter>
    </ClCompile>
    <ClCompile Include="D:\work\project\LiveAssistant\third_party\qcustomplot\qcustomplot.cpp">
      <Filter>Source Files</Filter>
    </ClCompile>
    <ClCompile Include="D:\work\project\LiveAssistant\build_vs2019\qrc_qml.cpp">
      <Filter>Source Files</Filter>
    </ClCompile>
    <ClCompile Include="D:\work\project\LiveAssistant\third_party\kiss_fft\kiss_fft.c">
      <Filter>Source Files</Filter>
    </ClCompile>
    <ClCompile Include="D:\work\project\LiveAssistant\third_party\kiss_fft\kiss_fftr.c">
      <Filter>Source Files</Filter>
    </ClCompile>
    <ClCompile Include="D:\work\project\LiveAssistant\build_vs2019\LiveAssistant_autogen\mocs_compilation_Release.cpp">
      <Filter>Source Files</Filter>
    </ClCompile>
    <ClCompile Include="D:\work\project\LiveAssistant\build_vs2019\LiveAssistant_autogen\mocs_compilation_MinSizeRel.cpp">
      <Filter>Source Files</Filter>
    </ClCompile>
    <ClCompile Include="D:\work\project\LiveAssistant\build_vs2019\LiveAssistant_autogen\mocs_compilation_RelWithDebInfo.cpp">
      <Filter>Source Files</Filter>
    </ClCompile>
  </ItemGroup>
  <ItemGroup>
    <ClInclude Include="D:\work\project\LiveAssistant\include\app\add_material_dialog.h">
      <Filter>Header Files</Filter>
    </ClInclude>
    <ClInclude Include="D:\work\project\LiveAssistant\include\app\app_settings.h">
      <Filter>Header Files</Filter>
    </ClInclude>
    <ClInclude Include="D:\work\project\LiveAssistant\include\app\camera_capability_scanner.h">
      <Filter>Header Files</Filter>
    </ClInclude>
    <ClInclude Include="D:\work\project\LiveAssistant\include\app\camera_settings.h">
      <Filter>Header Files</Filter>
    </ClInclude>
    <ClInclude Include="D:\work\project\LiveAssistant\include\app\config.h">
      <Filter>Header Files</Filter>
    </ClInclude>
    <ClInclude Include="D:\work\project\LiveAssistant\include\app\device_check_dialog.h">
      <Filter>Header Files</Filter>
    </ClInclude>
    <ClInclude Include="D:\work\project\LiveAssistant\include\app\draggable_list_item.h">
      <Filter>Header Files</Filter>
    </ClInclude>
    <ClInclude Include="D:\work\project\LiveAssistant\include\app\encryption_utils.h">
      <Filter>Header Files</Filter>
    </ClInclude>
    <ClInclude Include="D:\work\project\LiveAssistant\include\app\exit_dialog.h">
      <Filter>Header Files</Filter>
    </ClInclude>
    <ClInclude Include="D:\work\project\LiveAssistant\include\app\insert_file_item.h">
      <Filter>Header Files</Filter>
    </ClInclude>
    <ClInclude Include="D:\work\project\LiveAssistant\include\app\insert_file_manager.h">
      <Filter>Header Files</Filter>
    </ClInclude>
    <ClInclude Include="D:\work\project\LiveAssistant\include\app\insert_video_widget.h">
      <Filter>Header Files</Filter>
    </ClInclude>
    <ClInclude Include="D:\work\project\LiveAssistant\include\app\live_list_window.h">
      <Filter>Header Files</Filter>
    </ClInclude>
    <ClInclude Include="D:\work\project\LiveAssistant\include\app\login_service.h">
      <Filter>Header Files</Filter>
    </ClInclude>
    <ClInclude Include="D:\work\project\LiveAssistant\include\app\login_window.h">
      <Filter>Header Files</Filter>
    </ClInclude>
    <ClInclude Include="D:\work\project\LiveAssistant\include\app\login_worker.h">
      <Filter>Header Files</Filter>
    </ClInclude>
    <ClInclude Include="D:\work\project\LiveAssistant\include\app\main_window.h">
      <Filter>Header Files</Filter>
    </ClInclude>
    <ClInclude Include="D:\work\project\LiveAssistant\include\app\scene_item_row.h">
      <Filter>Header Files</Filter>
    </ClInclude>
    <ClInclude Include="D:\work\project\LiveAssistant\include\app\screen_capture_selector.h">
      <Filter>Header Files</Filter>
    </ClInclude>
    <ClInclude Include="D:\work\project\LiveAssistant\include\app\screen_share.h">
      <Filter>Header Files</Filter>
    </ClInclude>
    <ClInclude Include="D:\work\project\LiveAssistant\include\app\settings_dialog.h">
      <Filter>Header Files</Filter>
    </ClInclude>
    <ClInclude Include="D:\work\project\LiveAssistant\include\app\settings_observer.h">
      <Filter>Header Files</Filter>
    </ClInclude>
    <ClInclude Include="D:\work\project\LiveAssistant\include\app\share_settings_dialog.h">
      <Filter>Header Files</Filter>
    </ClInclude>
    <ClInclude Include="D:\work\project\LiveAssistant\include\common\circular_buffer.h">
      <Filter>Header Files</Filter>
    </ClInclude>
    <ClInclude Include="D:\work\project\LiveAssistant\include\common\config_manager.h">
      <Filter>Header Files</Filter>
    </ClInclude>
    <ClInclude Include="D:\work\project\LiveAssistant\include\common\error.h">
      <Filter>Header Files</Filter>
    </ClInclude>
    <ClInclude Include="D:\work\project\LiveAssistant\include\common\ffmpeg_raii.h">
      <Filter>Header Files</Filter>
    </ClInclude>
    <ClInclude Include="D:\work\project\LiveAssistant\include\common\log.h">
      <Filter>Header Files</Filter>
    </ClInclude>
    <ClInclude Include="D:\work\project\LiveAssistant\include\common\media_clock.h">
      <Filter>Header Files</Filter>
    </ClInclude>
    <ClInclude Include="D:\work\project\LiveAssistant\include\common\simple_av_sync.h">
      <Filter>Header Files</Filter>
    </ClInclude>
    <ClInclude Include="D:\work\project\LiveAssistant\include\common\stream_session_config.h">
      <Filter>Header Files</Filter>
    </ClInclude>
    <ClInclude Include="D:\work\project\LiveAssistant\include\common\system_monitor.h">
      <Filter>Header Files</Filter>
    </ClInclude>
    <ClInclude Include="D:\work\project\LiveAssistant\include\common\timestamp.h">
      <Filter>Header Files</Filter>
    </ClInclude>
    <ClInclude Include="D:\work\project\LiveAssistant\include\common\video_frame_synchronizer.h">
      <Filter>Header Files</Filter>
    </ClInclude>
    <ClInclude Include="D:\work\project\LiveAssistant\include\http\network_manager.h">
      <Filter>Header Files</Filter>
    </ClInclude>
    <ClInclude Include="D:\work\project\LiveAssistant\include\http\http_client.h">
      <Filter>Header Files</Filter>
    </ClInclude>
    <ClInclude Include="D:\work\project\LiveAssistant\include\http\client_service.h">
      <Filter>Header Files</Filter>
    </ClInclude>
    <ClInclude Include="D:\work\project\LiveAssistant\include\scene_manager\canvas.h">
      <Filter>Header Files</Filter>
    </ClInclude>
    <ClInclude Include="D:\work\project\LiveAssistant\include\scene_manager\capture_factory.h">
      <Filter>Header Files</Filter>
    </ClInclude>
    <ClInclude Include="D:\work\project\LiveAssistant\include\scene_manager\capture_manager.h">
      <Filter>Header Files</Filter>
    </ClInclude>
    <ClInclude Include="D:\work\project\LiveAssistant\include\scene_manager\capture_manager_iface.h">
      <Filter>Header Files</Filter>
    </ClInclude>
    <ClInclude Include="D:\work\project\LiveAssistant\include\scene_manager\compositor.h">
      <Filter>Header Files</Filter>
    </ClInclude>
    <ClInclude Include="D:\work\project\LiveAssistant\include\scene_manager\compositor_encoder_bridge.h">
      <Filter>Header Files</Filter>
    </ClInclude>
    <ClInclude Include="D:\work\project\LiveAssistant\include\scene_manager\ffmpeg_camera_capture_source.h">
      <Filter>Header Files</Filter>
    </ClInclude>
    <ClInclude Include="D:\work\project\LiveAssistant\include\scene_manager\gpu_canvas_widget.h">
      <Filter>Header Files</Filter>
    </ClInclude>
    <ClInclude Include="D:\work\project\LiveAssistant\include\scene_manager\gpu_color_converter.h">
      <Filter>Header Files</Filter>
    </ClInclude>
    <ClInclude Include="D:\work\project\LiveAssistant\include\scene_manager\gpu_compositor.h">
      <Filter>Header Files</Filter>
    </ClInclude>
    <ClInclude Include="D:\work\project\LiveAssistant\include\scene_manager\gpu_nv12_copier.h">
      <Filter>Header Files</Filter>
    </ClInclude>
    <ClInclude Include="D:\work\project\LiveAssistant\include\scene_manager\gpu_texture_ref.h">
      <Filter>Header Files</Filter>
    </ClInclude>
    <ClInclude Include="D:\work\project\LiveAssistant\include\scene_manager\icapture_source.h">
      <Filter>Header Files</Filter>
    </ClInclude>
    <ClInclude Include="D:\work\project\LiveAssistant\include\scene_manager\opencv_camera_capture_source.h">
      <Filter>Header Files</Filter>
    </ClInclude>
    <ClInclude Include="D:\work\project\LiveAssistant\include\scene_manager\printwindow_capture_source.h">
      <Filter>Header Files</Filter>
    </ClInclude>
    <ClInclude Include="D:\work\project\LiveAssistant\include\scene_manager\render_utils.h">
      <Filter>Header Files</Filter>
    </ClInclude>
    <ClInclude Include="D:\work\project\LiveAssistant\include\scene_manager\scene_manager.h">
      <Filter>Header Files</Filter>
    </ClInclude>
    <ClInclude Include="D:\work\project\LiveAssistant\include\scene_manager\shared_d3d_device.h">
      <Filter>Header Files</Filter>
    </ClInclude>
    <ClInclude Include="D:\work\project\LiveAssistant\include\scene_manager\source_factory.h">
      <Filter>Header Files</Filter>
    </ClInclude>
    <ClInclude Include="D:\work\project\LiveAssistant\include\scene_manager\wgc_capture_loop.h">
      <Filter>Header Files</Filter>
    </ClInclude>
    <ClInclude Include="D:\work\project\LiveAssistant\include\scene_manager\wgc_capture_source.h">
      <Filter>Header Files</Filter>
    </ClInclude>
    <ClInclude Include="D:\work\project\LiveAssistant\include\scene_manager\wgc_capture_stub.h">
      <Filter>Header Files</Filter>
    </ClInclude>
    <ClInclude Include="D:\work\project\LiveAssistant\include\audio_engine\QtNativeAudioCapturer.h">
      <Filter>Header Files</Filter>
    </ClInclude>
    <ClInclude Include="D:\work\project\LiveAssistant\include\audio_engine\audio_capturer.h">
      <Filter>Header Files</Filter>
    </ClInclude>
    <ClInclude Include="D:\work\project\LiveAssistant\include\audio_engine\audio_engine.h">
      <Filter>Header Files</Filter>
    </ClInclude>
    <ClInclude Include="D:\work\project\LiveAssistant\include\audio_engine\audio_mixer.h">
      <Filter>Header Files</Filter>
    </ClInclude>
    <ClInclude Include="D:\work\project\LiveAssistant\include\audio_engine\audio_resampler.h">
      <Filter>Header Files</Filter>
    </ClInclude>
    <ClInclude Include="D:\work\project\LiveAssistant\include\audio_engine\wasapi_capturer.h">
      <Filter>Header Files</Filter>
    </ClInclude>
    <ClInclude Include="D:\work\project\LiveAssistant\include\encoder\audio_encoder.h">
      <Filter>Header Files</Filter>
    </ClInclude>
    <ClInclude Include="D:\work\project\LiveAssistant\include\encoder\encoder.h">
      <Filter>Header Files</Filter>
    </ClInclude>
    <ClInclude Include="D:\work\project\LiveAssistant\include\encoder\encoder_config.h">
      <Filter>Header Files</Filter>
    </ClInclude>
    <ClInclude Include="D:\work\project\LiveAssistant\include\encoder\encoder_factory.h">
      <Filter>Header Files</Filter>
    </ClInclude>
    <ClInclude Include="D:\work\project\LiveAssistant\include\encoder\video_encoder.h">
      <Filter>Header Files</Filter>
    </ClInclude>
    <ClInclude Include="D:\work\project\LiveAssistant\include\stream_pusher\encoded_packet.h">
      <Filter>Header Files</Filter>
    </ClInclude>
    <ClInclude Include="D:\work\project\LiveAssistant\include\stream_pusher\media_packet.h">
      <Filter>Header Files</Filter>
    </ClInclude>
    <ClInclude Include="D:\work\project\LiveAssistant\include\stream_pusher\push_queue.h">
      <Filter>Header Files</Filter>
    </ClInclude>
    <ClInclude Include="D:\work\project\LiveAssistant\include\stream_pusher\rtmp_pusher.h">
      <Filter>Header Files</Filter>
    </ClInclude>
    <ClInclude Include="D:\work\project\LiveAssistant\include\stream_pusher\stream_config.h">
      <Filter>Header Files</Filter>
    </ClInclude>
    <ClInclude Include="D:\work\project\LiveAssistant\include\stream_pusher\stream_pusher.h">
      <Filter>Header Files</Filter>
    </ClInclude>
    <ClInclude Include="D:\work\project\LiveAssistant\include\media_pipeline\media_file_source.h">
      <Filter>Header Files</Filter>
    </ClInclude>
    <ClInclude Include="D:\work\project\LiveAssistant\include\media_pipeline\media_pipeline.h">
      <Filter>Header Files</Filter>
    </ClInclude>
    <ClInclude Include="D:\work\project\LiveAssistant\include\media_pipeline\output.h">
      <Filter>Header Files</Filter>
    </ClInclude>
    <ClInclude Include="D:\work\project\LiveAssistant\include\media_pipeline\source.h">
      <Filter>Header Files</Filter>
    </ClInclude>
    <ClInclude Include="D:\work\project\LiveAssistant\include\media_pipeline\vlc_player.h">
      <Filter>Header Files</Filter>
    </ClInclude>
    <ClInclude Include="D:\work\project\LiveAssistant\build_vs2019\LiveAssistant_autogen\include_Debug\src\app\ui_main_window.h">
      <Filter>Header Files</Filter>
    </ClInclude>
    <ClInclude Include="D:\work\project\LiveAssistant\build_vs2019\LiveAssistant_autogen\include_Debug\src\app\ui_live_list_window.h">
      <Filter>Header Files</Filter>
    </ClInclude>
    <ClInclude Include="D:\work\project\LiveAssistant\build_vs2019\LiveAssistant_autogen\include_Debug\src\app\ui_camera_settings.h">
      <Filter>Header Files</Filter>
    </ClInclude>
    <ClInclude Include="D:\work\project\LiveAssistant\build_vs2019\LiveAssistant_autogen\include_Debug\src\app\ui_screen_share.h">
      <Filter>Header Files</Filter>
    </ClInclude>
    <ClInclude Include="D:\work\project\LiveAssistant\build_vs2019\LiveAssistant_autogen\include_Debug\src\app\ui_settings_dialog.h">
      <Filter>Header Files</Filter>
    </ClInclude>
    <ClInclude Include="D:\work\project\LiveAssistant\build_vs2019\LiveAssistant_autogen\include_Debug\src\app\ui_exit_dialog.h">
      <Filter>Header Files</Filter>
    </ClInclude>
    <ClInclude Include="D:\work\project\LiveAssistant\build_vs2019\LiveAssistant_autogen\include_Debug\src\app\ui_device_check_dialog.h">
      <Filter>Header Files</Filter>
    </ClInclude>
    <ClInclude Include="D:\work\project\LiveAssistant\build_vs2019\LiveAssistant_autogen\include_Release\src\app\ui_main_window.h">
      <Filter>Header Files</Filter>
    </ClInclude>
    <ClInclude Include="D:\work\project\LiveAssistant\build_vs2019\LiveAssistant_autogen\include_Release\src\app\ui_live_list_window.h">
      <Filter>Header Files</Filter>
    </ClInclude>
    <ClInclude Include="D:\work\project\LiveAssistant\build_vs2019\LiveAssistant_autogen\include_Release\src\app\ui_camera_settings.h">
      <Filter>Header Files</Filter>
    </ClInclude>
    <ClInclude Include="D:\work\project\LiveAssistant\build_vs2019\LiveAssistant_autogen\include_Release\src\app\ui_screen_share.h">
      <Filter>Header Files</Filter>
    </ClInclude>
    <ClInclude Include="D:\work\project\LiveAssistant\build_vs2019\LiveAssistant_autogen\include_Release\src\app\ui_settings_dialog.h">
      <Filter>Header Files</Filter>
    </ClInclude>
    <ClInclude Include="D:\work\project\LiveAssistant\build_vs2019\LiveAssistant_autogen\include_Release\src\app\ui_exit_dialog.h">
      <Filter>Header Files</Filter>
    </ClInclude>
    <ClInclude Include="D:\work\project\LiveAssistant\build_vs2019\LiveAssistant_autogen\include_Release\src\app\ui_device_check_dialog.h">
      <Filter>Header Files</Filter>
    </ClInclude>
    <ClInclude Include="D:\work\project\LiveAssistant\build_vs2019\LiveAssistant_autogen\include_MinSizeRel\src\app\ui_main_window.h">
      <Filter>Header Files</Filter>
    </ClInclude>
    <ClInclude Include="D:\work\project\LiveAssistant\build_vs2019\LiveAssistant_autogen\include_MinSizeRel\src\app\ui_live_list_window.h">
      <Filter>Header Files</Filter>
    </ClInclude>
    <ClInclude Include="D:\work\project\LiveAssistant\build_vs2019\LiveAssistant_autogen\include_MinSizeRel\src\app\ui_camera_settings.h">
      <Filter>Header Files</Filter>
    </ClInclude>
    <ClInclude Include="D:\work\project\LiveAssistant\build_vs2019\LiveAssistant_autogen\include_MinSizeRel\src\app\ui_screen_share.h">
      <Filter>Header Files</Filter>
    </ClInclude>
    <ClInclude Include="D:\work\project\LiveAssistant\build_vs2019\LiveAssistant_autogen\include_MinSizeRel\src\app\ui_settings_dialog.h">
      <Filter>Header Files</Filter>
    </ClInclude>
    <ClInclude Include="D:\work\project\LiveAssistant\build_vs2019\LiveAssistant_autogen\include_MinSizeRel\src\app\ui_exit_dialog.h">
      <Filter>Header Files</Filter>
    </ClInclude>
    <ClInclude Include="D:\work\project\LiveAssistant\build_vs2019\LiveAssistant_autogen\include_MinSizeRel\src\app\ui_device_check_dialog.h">
      <Filter>Header Files</Filter>
    </ClInclude>
    <ClInclude Include="D:\work\project\LiveAssistant\build_vs2019\LiveAssistant_autogen\include_RelWithDebInfo\src\app\ui_main_window.h">
      <Filter>Header Files</Filter>
    </ClInclude>
    <ClInclude Include="D:\work\project\LiveAssistant\build_vs2019\LiveAssistant_autogen\include_RelWithDebInfo\src\app\ui_live_list_window.h">
      <Filter>Header Files</Filter>
    </ClInclude>
    <ClInclude Include="D:\work\project\LiveAssistant\build_vs2019\LiveAssistant_autogen\include_RelWithDebInfo\src\app\ui_camera_settings.h">
      <Filter>Header Files</Filter>
    </ClInclude>
    <ClInclude Include="D:\work\project\LiveAssistant\build_vs2019\LiveAssistant_autogen\include_RelWithDebInfo\src\app\ui_screen_share.h">
      <Filter>Header Files</Filter>
    </ClInclude>
    <ClInclude Include="D:\work\project\LiveAssistant\build_vs2019\LiveAssistant_autogen\include_RelWithDebInfo\src\app\ui_settings_dialog.h">
      <Filter>Header Files</Filter>
    </ClInclude>
    <ClInclude Include="D:\work\project\LiveAssistant\build_vs2019\LiveAssistant_autogen\include_RelWithDebInfo\src\app\ui_exit_dialog.h">
      <Filter>Header Files</Filter>
    </ClInclude>
    <ClInclude Include="D:\work\project\LiveAssistant\build_vs2019\LiveAssistant_autogen\include_RelWithDebInfo\src\app\ui_device_check_dialog.h">
      <Filter>Header Files</Filter>
    </ClInclude>
  </ItemGroup>
  <ItemGroup>
    <CustomBuild Include="D:\work\project\LiveAssistant\resources\qml.qrc" />
    <CustomBuild Include="D:\work\project\LiveAssistant\build_vs2019\CMakeFiles\d3b8575cacb5022787fab0320fb819a4\autouic_(CONFIG).stamp.rule">
      <Filter>CMake Rules</Filter>
    </CustomBuild>
    <CustomBuild Include="D:\work\project\LiveAssistant\CMakeLists.txt" />
  </ItemGroup>
  <ItemGroup>
    <None Include="D:\work\project\LiveAssistant\src\app\main_window.ui" />
    <None Include="D:\work\project\LiveAssistant\src\app\live_list_window.ui" />
    <None Include="D:\work\project\LiveAssistant\src\app\camera_settings.ui" />
    <None Include="D:\work\project\LiveAssistant\src\app\screen_share.ui" />
    <None Include="D:\work\project\LiveAssistant\src\app\settings_dialog.ui" />
    <None Include="D:\work\project\LiveAssistant\src\app\exit_dialog.ui" />
    <None Include="D:\work\project\LiveAssistant\src\app\device_check_dialog.ui" />
    <None Include="D:\work\project\LiveAssistant\build_vs2019\LiveAssistant_autogen\autouic_Debug.stamp" />
    <None Include="D:\work\project\LiveAssistant\build_vs2019\LiveAssistant_autogen\autouic_Release.stamp" />
    <None Include="D:\work\project\LiveAssistant\build_vs2019\LiveAssistant_autogen\autouic_MinSizeRel.stamp" />
    <None Include="D:\work\project\LiveAssistant\build_vs2019\LiveAssistant_autogen\autouic_RelWithDebInfo.stamp" />
  </ItemGroup>
  <ItemGroup>
    <ResourceCompile Include="D:\work\project\LiveAssistant\resources\app_icon.rc">
      <Filter>Source Files</Filter>
    </ResourceCompile>
  </ItemGroup>
  <ItemGroup>
    <Filter Include="CMake Rules">
      <UniqueIdentifier>{CC6DB454-18C4-3A9C-9405-2378F195F97E}</UniqueIdentifier>
    </Filter>
    <Filter Include="Header Files">
      <UniqueIdentifier>{C4E6A148-C9A9-3DA2-9454-7091D67D8C49}</UniqueIdentifier>
    </Filter>
    <Filter Include="Source Files">
      <UniqueIdentifier>{9024E775-160A-3965-A498-C8F11B704371}</UniqueIdentifier>
    </Filter>
  </ItemGroup>
</Project>
