<?xml version="1.0" encoding="utf-8"?>
<Project ToolsVersion="16.0" xmlns="http://schemas.microsoft.com/developer/msbuild/2003">
  <ItemGroup>
    <CustomBuild Include="D:\work\project\LiveAssistant\build_vs2019\CMakeFiles\2beb144a5f2f5cb86e077a6791b2cf7b\Qt6_QmlPlugins_Imports_LiveAssistant.cmake.rule">
      <Filter>CMake Rules</Filter>
    </CustomBuild>
    <CustomBuild Include="D:\work\project\LiveAssistant\build_vs2019\CMakeFiles\affae212aae7de375e6b85836da3206c\LiveAssistant_qmlimportscan.rule">
      <Filter>CMake Rules</Filter>
    </CustomBuild>
    <CustomBuild Include="D:\work\project\LiveAssistant\CMakeLists.txt" />
  </ItemGroup>
  <ItemGroup>
    <None Include="D:\work\project\LiveAssistant\build_vs2019\CMakeFiles\LiveAssistant_qmlimportscan" />
  </ItemGroup>
  <ItemGroup>
    <Filter Include="CMake Rules">
      <UniqueIdentifier>{CC6DB454-18C4-3A9C-9405-2378F195F97E}</UniqueIdentifier>
    </Filter>
  </ItemGroup>
</Project>
